# This file was autogenerated by Stack.
# You should not edit this file by hand.
# For more information, please see the documentation at:
#   https://docs.haskellstack.org/en/stable/lock_files

packages:
- completed:
    hackage: conduit-extra-1.3.5@sha256:c3de6704df0b728d258827370b3de4e467a25d396037104639b859d743146365,4276
    pantry-tree:
      size: 2332
      sha256: a4c8b9cbd79e40c71b6534b08fca3bd1609874cbb13324629baa2a6c23c16c2b
  original:
    hackage: conduit-extra-1.3.5
- completed:
    hackage: typed-process-0.2.6.0@sha256:c901c13d491441830eb23132ad6968243a56b98161629d260a26c0b13c735fcd,2136
    pantry-tree:
      size: 529
      sha256: 2ef79f15f1f391e49dc522076f6d1584c7b305bf2aaa0dfec4dc0d4b61f31111
  original:
    hackage: typed-process-0.2.6.0
- completed:
    hackage: xml-conduit-parse-0.3.1.2@sha256:74c199e6155aa79a7108373ee35e34e3e6c97f6131360a7e13381b363ec9d64a,1800
    pantry-tree:
      size: 409
      sha256: 61448094702d54ffecd89c3c0f1992887cfbe6a5b665ce3bb056524be5df55a7
  original:
    hackage: xml-conduit-parse-0.3.1.2@sha256:74c199e6155aa79a7108373ee35e34e3e6c97f6131360a7e13381b363ec9d64a,1800
- completed:
    hackage: xml-enumerator-0.4.4.1@sha256:18c0911f526fda4a4e7e2d837cc4ae5f53968b5ee7010503959e64e23dfb2030,4057
    pantry-tree:
      size: 653
      sha256: 21df4fe0fadeb3069787254033e91137787d255699a8788bbd83d872d28eb079
  original:
    hackage: xml-enumerator-0.4.4.1@sha256:18c0911f526fda4a4e7e2d837cc4ae5f53968b5ee7010503959e64e23dfb2030,4057
- completed:
    hackage: libxml-0.1.1@sha256:aa167fb817ef2d0a87e7ee64452939491cc151472e1150ced0e89dc954c4874e,922
    pantry-tree:
      size: 491
      sha256: b8341b404f7c15ebbf4a1524d36e86ff5daf9c3d3831a13c0140797de407510c
  original:
    hackage: libxml-0.1.1@sha256:aa167fb817ef2d0a87e7ee64452939491cc151472e1150ced0e89dc954c4874e,922
- completed:
    hackage: c14n-0.1.0.1@sha256:c56a513c1363d126ee704656b59d2e2af1cfe878587a97cb69ab0122b82e2d4d,1371
    pantry-tree:
      size: 285
      sha256: 67187305166a25d10cb133378ae89c3d76d51ee756edd757a84f71f176eb61e7
  original:
    hackage: c14n-0.1.0.1@sha256:c56a513c1363d126ee704656b59d2e2af1cfe878587a97cb69ab0122b82e2d4d,1371
- completed:
    hackage: DRBG-0.5.5@sha256:3b8040bed356e2b63927a27fb6d5adbd19d70c9e1d1bb66111bbeb33e56900eb,2259
    pantry-tree:
      size: 896
      sha256: 586ee2257b255cb7f2a3663711199f9de9e70445ce7cb192f5af07dd66eadac2
  original:
    hackage: DRBG-0.5.5@sha256:3b8040bed356e2b63927a27fb6d5adbd19d70c9e1d1bb66111bbeb33e56900eb,2259
- completed:
    hackage: cryptostore-0.2.1.0@sha256:9896e2984f36a1c8790f057fd5ce3da4cbcaf8aa73eb2d9277916886978c5b19,3881
    pantry-tree:
      size: 8596
      sha256: e392f8dded050690140636b81433fb350bd87dd21643dde9a2f0aa344cf038e5
  original:
    hackage: cryptostore-0.2.1.0@sha256:9896e2984f36a1c8790f057fd5ce3da4cbcaf8aa73eb2d9277916886978c5b19,3881
- completed:
    hackage: cryptonite-0.29@sha256:147724f6a8e4394fcbd51bf52aba7a8b92d3fc8f42055cd6ca9486655e2ab614,18312
    pantry-tree:
      size: 23323
      sha256: 087de3ed0552cfb1f84d03629b0f98c77aadc076b85bb5cb787f77c5e5dac136
  original:
    hackage: cryptonite-0.29@sha256:147724f6a8e4394fcbd51bf52aba7a8b92d3fc8f42055cd6ca9486655e2ab614,18312
- completed:
    hackage: DrIFT-2.4.2@sha256:e09a0a4f683c4b72fed1296b1e39f28c4c4b446d3ac10f4b47f2f3746d57105e,3398
    pantry-tree:
      size: 2487
      sha256: eb2675b6fa3bfa2ee68090f49661128fcfd9349e1d4d8f8e9afc134ecbf7f733
  original:
    hackage: DrIFT-2.4.2@sha256:e09a0a4f683c4b72fed1296b1e39f28c4c4b446d3ac10f4b47f2f3746d57105e,3398
- completed:
    hackage: data-default-extra-0.1.0@sha256:93923f4b1678ee70888eae2ba5fc89cfd9748a2a9d64923cc1f827415543435a,5395
    pantry-tree:
      size: 391
      sha256: c75856a7a260644b86dc4d3a037ea62b01ab45d05f178ef4509565e068eb1df0
  original:
    hackage: data-default-extra-0.1.0@sha256:93923f4b1678ee70888eae2ba5fc89cfd9748a2a9d64923cc1f827415543435a,5395
- completed:
    hackage: data-default-instances-bytestring-0.0.1@sha256:592075c7d9f5bde9fe98d31dd2b7412cdb4bb29158b49bee04379fe0895aed3e,2438
    pantry-tree:
      size: 359
      sha256: 0fc29775b358a74b79941ad5d19d39a72459412eee5d0ad6b75fe4552a534612
  original:
    hackage: data-default-instances-bytestring-0.0.1@sha256:592075c7d9f5bde9fe98d31dd2b7412cdb4bb29158b49bee04379fe0895aed3e,2438
- completed:
    hackage: data-default-instances-case-insensitive-0.0.1@sha256:45a89ccc5e4e6dbca37c7c0826c1f1c75d774d49afa9ce94f0412edee53f1371,1757
    pantry-tree:
      size: 370
      sha256: 21acad342cfd546e0a2352f7b60abb0a677060d807845d4d2eed20f4588e7c6c
  original:
    hackage: data-default-instances-case-insensitive-0.0.1@sha256:45a89ccc5e4e6dbca37c7c0826c1f1c75d774d49afa9ce94f0412edee53f1371,1757
- completed:
    hackage: data-default-instances-new-base-0.0.2@sha256:1f90fe762c978f9fd0fcbf6d4cb6cd191d261e25acf9308505b3444aef8c079f,3227
    pantry-tree:
      size: 355
      sha256: e7c1497196ceceb7916c5077af62fdbe0399aec5662927d371211105b51c6be6
  original:
    hackage: data-default-instances-new-base-0.0.2@sha256:1f90fe762c978f9fd0fcbf6d4cb6cd191d261e25acf9308505b3444aef8c079f,3227
- completed:
    hackage: data-default-instances-text-0.0.1@sha256:5a8acbe0d420430c2cc2dc7865fa69d179c9ad43dda47aefcc6560fed72e2204,2121
    pantry-tree:
      size: 347
      sha256: 6220e4ea21f4df8cae8936626ac08bd43bec1e983d833a5234a36b95281e01f9
  original:
    hackage: data-default-instances-text-0.0.1@sha256:5a8acbe0d420430c2cc2dc7865fa69d179c9ad43dda47aefcc6560fed72e2204,2121
- completed:
    hackage: data-default-instances-unordered-containers-0.0.1@sha256:fc2e79e605ef4fd67f222d11f43aaed40fbc08e3ca421cd29f5982a391f90ebe,1757
    pantry-tree:
      size: 378
      sha256: 5e2b496e696d5ea3abe7011386fcb8ddb24f9affa4e34feea2665a91581624f5
  original:
    hackage: data-default-instances-unordered-containers-0.0.1@sha256:fc2e79e605ef4fd67f222d11f43aaed40fbc08e3ca421cd29f5982a391f90ebe,1757
- completed:
    hackage: data-default-instances-vector-0.0.1@sha256:8a78beb491235231802c98fb1a58fea519359be1c9374b9f08d37feed34a385e,1791
    pantry-tree:
      size: 351
      sha256: 1535e9e996894b238b51a272045bde55c8d4a294cd87b1deb23e3d28fc15b632
  original:
    hackage: data-default-instances-vector-0.0.1@sha256:8a78beb491235231802c98fb1a58fea519359be1c9374b9f08d37feed34a385e,1791
- completed:
    hackage: thumbnail-0.8.0@sha256:577091029fc28fde80ea49da71e63e3e243e3eae7664061b5c9f6dfb7282c5a7,719
    pantry-tree:
      size: 214
      sha256: ada1fb43685917bd8320f3001e75b2b992fe819d18d6771d64bd56d65de04b09
  original:
    hackage: thumbnail-0.8.0@sha256:577091029fc28fde80ea49da71e63e3e243e3eae7664061b5c9f6dfb7282c5a7,719
- completed:
    hackage: pdf-toolbox-document-0.1.2@sha256:4fb6512c5061d80970c3533e98cb609dc6df5982a0d79fa133319e8f210be175,2343
    pantry-tree:
      size: 1204
      sha256: c2d1adbe27e4b2ffa4b36ebcedce243a8521c2184f198bf108cd4e9026023679
  original:
    hackage: pdf-toolbox-document-0.1.2@sha256:4fb6512c5061d80970c3533e98cb609dc6df5982a0d79fa133319e8f210be175,2343
- completed:
    hackage: pdf-toolbox-content-0.1.1@sha256:44ddead09ea0fcfb578ffe94d8ff366534b3fb58a7fa62c1d1fb04bb9d432c40,2562
    pantry-tree:
      size: 1427
      sha256: 5d4662eb539ac93493c35720829a35f3e8069c471d08c8c2ed221b083ad11e99
  original:
    hackage: pdf-toolbox-content-0.1.1@sha256:44ddead09ea0fcfb578ffe94d8ff366534b3fb58a7fa62c1d1fb04bb9d432c40,2562
- completed:
    hackage: pdf-toolbox-core-0.1.1@sha256:9f3a9eea11420982f4f84addda9994d6ee756e9c9ed5c1691214ab0fcc80b6c0,3944
    pantry-tree:
      size: 2031
      sha256: 990b6b18cdd02ada1f7d76ccb9307d6a3f8901db56690a81548a962284c37e95
  original:
    hackage: pdf-toolbox-core-0.1.1@sha256:9f3a9eea11420982f4f84addda9994d6ee756e9c9ed5c1691214ab0fcc80b6c0,3944
- completed:
    hackage: classy-prelude-yesod-1.4.0@sha256:2928c99abb90d133d6aff3026a069e1a049471f4c9e017741703f389cc747daf,1334
    pantry-tree:
      size: 330
      sha256: 2a1c86e093fdacbe436f16150985b30ddd9f6c128754f12f8d8a88811cbb72b6
  original:
    hackage: classy-prelude-yesod-1.4.0@sha256:2928c99abb90d133d6aff3026a069e1a049471f4c9e017741703f389cc747daf,1334
- completed:
    hackage: regex-tdfa-text-1.0.0.3@sha256:fb72123627eadf43dd5ca74a2896940d50aac291e61f62177960f0563f7d5c03,1180
    pantry-tree:
      size: 293
      sha256: 274206c4f30a2c85cc8daefcb0d221b45010a28f1c0f39295189850eecc978e4
  original:
    hackage: regex-tdfa-text-1.0.0.3@sha256:fb72123627eadf43dd5ca74a2896940d50aac291e61f62177960f0563f7d5c03,1180
- completed:
    hackage: strict-io-0.2.2@sha256:1cc96f9a123a919ff9ee479f740cbc9fa9edf7c8ac65334de3fdce07638949ed,1012
    pantry-tree:
      size: 345
      sha256: 2fd47d6f9374805075d176012d95d8ea28e643639b8d028f35f732618b5d1683
  original:
    hackage: strict-io-0.2.2@sha256:1cc96f9a123a919ff9ee479f740cbc9fa9edf7c8ac65334de3fdce07638949ed,1012
- completed:
    name: xml-prettify-text
    version: 1.0.0.3
    git: https://github.com/MrcJkb/xml-prettify-text.git
    pantry-tree:
      size: 1045
      sha256: 67c8e561b1627e232fa4c26d37f1a4026323072816b708847d99be2c952bdd46
    commit: a4e0ac52412a3cf58525b6ac0c3ffef55fd60a3b
  original:
    git: https://github.com/MrcJkb/xml-prettify-text.git
    commit: a4e0ac52412a3cf58525b6ac0c3ffef55fd60a3b
snapshots:
- completed:
    size: 586103
    url: https://raw.githubusercontent.com/commercialhaskell/stackage-snapshots/master/lts/18/19.yaml
    sha256: 32716534fff554b7f90762130fdb985cabf29f157758934dd1c8f3892a646430
  original: lts-18.19
